Microsoft Visual Studio Solution File, Format Version 12.00
# Visual Studio 15
VisualStudioVersion = 15.0.26228.9
MinimumVisualStudioVersion = 15.0.26124.0
Project("{9A19103F-16F7-4668-BE54-9A1E7A4F7556}") = "Fortune-Teller-Service", "Fortune-Teller-Service\Fortune-Teller-Service.csproj", "{C6ECB2C0-A042-4AA3-9865-79CCEAA55DE8}"
EndProject
Project("{9A19103F-16F7-4668-BE54-9A1E7A4F7556}") = "Fortune-Teller-UI", "Fortune-Teller-UI\Fortune-Teller-UI.csproj", "{B4C66FB9-EF2E-4F90-83B1-B027F0E506D2}"
EndProject
Global
	GlobalSection(SolutionConfigurationPlatforms) = preSolution
		Debug|Any CPU = Debug|Any CPU
		Debug|x64 = Debug|x64
		Debug|x86 = Debug|x86
		Release|Any CPU = Release|Any CPU
		Release|x64 = Release|x64
		Release|x86 = Release|x86
	EndGlobalSection
	GlobalSection(ProjectConfigurationPlatforms) = postSolution
		{C6ECB2C0-A042-4AA3-9865-79CCEAA55DE8}.Debug|Any CPU.ActiveCfg = Debug|Any CPU
		{C6ECB2C0-A042-4AA3-9865-79CCEAA55DE8}.Debug|Any CPU.Build.0 = Debug|Any CPU
		{C6ECB2C0-A042-4AA3-9865-79CCEAA55DE8}.Debug|x64.ActiveCfg = Debug|Any CPU
		{C6ECB2C0-A042-4AA3-9865-79CCEAA55DE8}.Debug|x64.Build.0 = Debug|Any CPU
		{C6ECB2C0-A042-4AA3-9865-79CCEAA55DE8}.Debug|x86.ActiveCfg = Debug|Any CPU
		{C6ECB2C0-A042-4AA3-9865-79CCEAA55DE8}.Debug|x86.Build.0 = Debug|Any CPU
		{C6ECB2C0-A042-4AA3-9865-79CCEAA55DE8}.Release|Any CPU.ActiveCfg = Release|Any CPU
		{C6ECB2C0-A042-4AA3-9865-79CCEAA55DE8}.Release|Any CPU.Build.0 = Release|Any CPU
		{C6ECB2C0-A042-4AA3-9865-79CCEAA55DE8}.Release|x64.ActiveCfg = Release|Any CPU
		{C6ECB2C0-A042-4AA3-9865-79CCEAA55DE8}.Release|x64.Build.0 = Release|Any CPU
		{C6ECB2C0-A042-4AA3-9865-79CCEAA55DE8}.Release|x86.ActiveCfg = Release|Any CPU
		{C6ECB2C0-A042-4AA3-9865-79CCEAA55DE8}.Release|x86.Build.0 = Release|Any CPU
		{B4C66FB9-EF2E-4F90-83B1-B027F0E506D2}.Debug|Any CPU.ActiveCfg = Debug|Any CPU
		{B4C66FB9-EF2E-4F90-83B1-B027F0E506D2}.Debug|Any CPU.Build.0 = Debug|Any CPU
		{B4C66FB9-EF2E-4F90-83B1-B027F0E506D2}.Debug|x64.ActiveCfg = Debug|Any CPU
		{B4C66FB9-EF2E-4F90-83B1-B027F0E506D2}.Debug|x64.Build.0 = Debug|Any CPU
		{B4C66FB9-EF2E-4F90-83B1-B027F0E506D2}.Debug|x86.ActiveCfg = Debug|Any CPU
		{B4C66FB9-EF2E-4F90-83B1-B027F0E506D2}.Debug|x86.Build.0 = Debug|Any CPU
		{B4C66FB9-EF2E-4F90-83B1-B027F0E506D2}.Release|Any CPU.ActiveCfg = Release|Any CPU
		{B4C66FB9-EF2E-4F90-83B1-B027F0E506D2}.Release|Any CPU.Build.0 = Release|Any CPU
		{B4C66FB9-EF2E-4F90-83B1-B027F0E506D2}.Release|x64.ActiveCfg = Release|Any CPU
		{B4C66FB9-EF2E-4F90-83B1-B027F0E506D2}.Release|x64.Build.0 = Release|Any CPU
		{B4C66FB9-EF2E-4F90-83B1-B027F0E506D2}.Release|x86.ActiveCfg = Release|Any CPU
		{B4C66FB9-EF2E-4F90-83B1-B027F0E506D2}.Release|x86.Build.0 = Release|Any CPU
	EndGlobalSection
	GlobalSection(SolutionProperties) = preSolution
		HideSolutionNode = FALSE
	EndGlobalSection
EndGlobal
